<?xml version="1.0" encoding="utf-8"?>
<Project ToolsVersion="4.0" xmlns="http://schemas.microsoft.com/developer/msbuild/2003">
  <ItemGroup>
    <Filter Include="Header Files">
      <UniqueIdentifier>{93995380-89BD-4b04-88EB-625FBE52EBFB}</UniqueIdentifier>
      <Extensions>h;hh;hpp;hxx;h++;hm;inl;inc;ipp;xsd</Extensions>
    </Filter>
    <Filter Include="Resource Files">
      <UniqueIdentifier>{67DA6AB6-F800-4c08-8B7A-83BB121AAD01}</UniqueIdentifier>
      <Extensions>rc;ico;cur;bmp;dlg;rc2;rct;bin;rgs;gif;jpg;jpeg;jpe;resx;tiff;tif;png;wav;mfcribbon-ms</Extensions>
    </Filter>
  </ItemGroup>
  <ItemGroup>
    <ClCompile Include="src\Main.cpp" />
    <ClCompile Include="src\ScreenData.cpp" />
    <ClCompile Include="src\Renderer.cpp" />
    <ClCompile Include="src\Line.cpp" />
    <ClCompile Include="src\TextRenderer.cpp" />
    <ClCompile Include="src\Shader.cpp" />
    <ClCompile Include="src\DataCacher.cpp" />
    <ClCompile Include="src\AreaChart.cpp" />
    <ClCompile Include="src\Chart.cpp" />
  </ItemGroup>
  <ItemGroup>
    <ClInclude Include="src\ScreenData.h">
      <Filter>Header Files</Filter>
    </ClInclude>
    <ClInclude Include="src\Renderer.h">
      <Filter>Header Files</Filter>
    </ClInclude>
    <ClInclude Include="src\Point.h">
      <Filter>Header Files</Filter>
    </ClInclude>
    <ClInclude Include="src\Line.h">
      <Filter>Header Files</Filter>
    </ClInclude>
    <ClInclude Include="src\TextRenderer.h">
      <Filter>Header Files</Filter>
    </ClInclude>
    <ClInclude Include="src\Shader.h">
      <Filter>Header Files</Filter>
    </ClInclude>
    <ClInclude Include="src\ShaderProgramSource.h">
      <Filter>Header Files</Filter>
    </ClInclude>
    <ClInclude Include="src\ShaderType.h">
      <Filter>Header Files</Filter>
    </ClInclude>
    <ClInclude Include="src\DataCacher.h">
      <Filter>Header Files</Filter>
    </ClInclude>
    <ClInclude Include="src\AreaChart.h">
      <Filter>Header Files</Filter>
    </ClInclude>
    <ClInclude Include="src\Chart.h">
      <Filter>Header Files</Filter>
    </ClInclude>
    <ClInclude Include="src\ChartType.h">
      <Filter>Header Files</Filter>
    </ClInclude>
  </ItemGroup>
  <ItemGroup>
    <Text Include="res\shaders\Basic.shader" />
    <Text Include="res\shaders\Font.shader" />
  </ItemGroup>
</Project>